{
  "name": "moviearea-api",
  "version": "1.0.0",
  "lockfileVersion": 3,
  "requires": true,
  "packages": {
    "": {
      "name": "moviearea-api",
      "version": "1.0.0",
      "license": "ISC",
      "dependencies": {
        "epress": "^0.0.1-security"
      }
    },
    "node_modules/epress": {
      "version": "0.0.1-security",
      "resolved": "https://registry.npmjs.org/epress/-/epress-0.0.1-security.tgz",
      "integrity": "sha512-/REk6cExLsDmL7S4dXf6SHaZl4e+9ZzoGAH6KEETT9lzZyBr4PnFLvHFc0WGb+vXzIOqySHSigzP+iSD+IDUYw=="
    }
  }
}
